// !$*UTF8*$!
{
	archiveVersion = 1;
	classes = {
	};
	objectVersion = 56;
	objects = {

/* Begin PBXBuildFile section */
		A48125EF2B54DBBB00679A9E /* AppDelegate.swift in Sources */ = {isa = PBXBuildFile; fileRef = A48125EE2B54DBBB00679A9E /* AppDelegate.swift */; };
		A48125F12B54DBBB00679A9E /* SceneDelegate.swift in Sources */ = {isa = PBXBuildFile; fileRef = A48125F02B54DBBB00679A9E /* SceneDelegate.swift */; };
		A48125F32B54DBBB00679A9E /* PropertyVC.swift in Sources */ = {isa = PBXBuildFile; fileRef = A48125F22B54DBBB00679A9E /* PropertyVC.swift */; };
		A48125F62B54DBBB00679A9E /* Main.storyboard in Resources */ = {isa = PBXBuildFile; fileRef = A48125F42B54DBBB00679A9E /* Main.storyboard */; };
		A48125F82B54DBBC00679A9E /* Assets.xcassets in Resources */ = {isa = PBXBuildFile; fileRef = A48125F72B54DBBC00679A9E /* Assets.xcassets */; };
		A48125FB2B54DBBC00679A9E /* LaunchScreen.storyboard in Resources */ = {isa = PBXBuildFile; fileRef = A48125F92B54DBBC00679A9E /* LaunchScreen.storyboard */; };
		A48126032B54DF3D00679A9E /* PropertyDetailVC.swift in Sources */ = {isa = PBXBuildFile; fileRef = A48126022B54DF3D00679A9E /* PropertyDetailVC.swift */; };
		A48126052B54DFA100679A9E /* Property.swift in Sources */ = {isa = PBXBuildFile; fileRef = A48126042B54DFA100679A9E /* Property.swift */; };
		A48126082B54ED2900679A9E /* Lottie in Frameworks */ = {isa = PBXBuildFile; productRef = A48126072B54ED2900679A9E /* Lottie */; };
		A481260A2B54ED5A00679A9E /* Animation.json in Resources */ = {isa = PBXBuildFile; fileRef = A48126092B54ED5A00679A9E /* Animation.json */; };
		A481260C2B54EEFA00679A9E /* PropertyCell.swift in Sources */ = {isa = PBXBuildFile; fileRef = A481260B2B54EEFA00679A9E /* PropertyCell.swift */; };
/* End PBXBuildFile section */

/* Begin PBXFileReference section */
		A48125EB2B54DBBB00679A9E /* MaheshwarRealEstateApp.app */ = {isa = PBXFileReference; explicitFileType = wrapper.application; includeInIndex = 0; path = MaheshwarRealEstateApp.app; sourceTree = BUILT_PRODUCTS_DIR; };
		A48125EE2B54DBBB00679A9E /* AppDelegate.swift */ = {isa = PBXFileReference; lastKnownFileType = sourcecode.swift; path = AppDelegate.swift; sourceTree = "<group>"; };
		A48125F02B54DBBB00679A9E /* SceneDelegate.swift */ = {isa = PBXFileReference; lastKnownFileType = sourcecode.swift; path = SceneDelegate.swift; sourceTree = "<group>"; };
		A48125F22B54DBBB00679A9E /* PropertyVC.swift */ = {isa = PBXFileReference; lastKnownFileType = sourcecode.swift; path = PropertyVC.swift; sourceTree = "<group>"; };
		A48125F52B54DBBB00679A9E /* Base */ = {isa = PBXFileReference; lastKnownFileType = file.storyboard; name = Base; path = Base.lproj/Main.storyboard; sourceTree = "<group>"; };
		A48125F72B54DBBC00679A9E /* Assets.xcassets */ = {isa = PBXFileReference; lastKnownFileType = folder.assetcatalog; path = Assets.xcassets; sourceTree = "<group>"; };
		A48125FA2B54DBBC00679A9E /* Base */ = {isa = PBXFileReference; lastKnownFileType = file.storyboard; name = Base; path = Base.lproj/LaunchScreen.storyboard; sourceTree = "<group>"; };
		A48125FC2B54DBBC00679A9E /* Info.plist */ = {isa = PBXFileReference; lastKnownFileType = text.plist.xml; path = Info.plist; sourceTree = "<group>"; };
		A48126022B54DF3D00679A9E /* PropertyDetailVC.swift */ = {isa = PBXFileReference; lastKnownFileType = sourcecode.swift; path = PropertyDetailVC.swift; sourceTree = "<group>"; };
		A48126042B54DFA100679A9E /* Property.swift */ = {isa = PBXFileReference; lastKnownFileType = sourcecode.swift; path = Property.swift; sourceTree = "<group>"; };
		A48126092B54ED5A00679A9E /* Animation.json */ = {isa = PBXFileReference; fileEncoding = 4; lastKnownFileType = text.json; path = Animation.json; sourceTree = "<group>"; };
		A481260B2B54EEFA00679A9E /* PropertyCell.swift */ = {isa = PBXFileReference; lastKnownFileType = sourcecode.swift; path = PropertyCell.swift; sourceTree = "<group>"; };
/* End PBXFileReference section */

/* Begin PBXFrameworksBuildPhase section */
		A48125E82B54DBBB00679A9E /* Frameworks */ = {
			isa = PBXFrameworksBuildPhase;
			buildActionMask = 2147483647;
			files = (
				A48126082B54ED2900679A9E /* Lottie in Frameworks */,
			);
			runOnlyForDeploymentPostprocessing = 0;
		};
/* End PBXFrameworksBuildPhase section */

/* Begin PBXGroup section */
		A48125E22B54DBBB00679A9E = {
			isa = PBXGroup;
			children = (
				A48125ED2B54DBBB00679A9E /* MaheshwarRealEstateApp */,
				A48125EC2B54DBBB00679A9E /* Products */,
			);
			sourceTree = "<group>";
		};
		A48125EC2B54DBBB00679A9E /* Products */ = {
			isa = PBXGroup;
			children = (
				A48125EB2B54DBBB00679A9E /* MaheshwarRealEstateApp.app */,
			);
			name = Products;
			sourceTree = "<group>";
		};
		A48125ED2B54DBBB00679A9E /* MaheshwarRealEstateApp */ = {
			isa = PBXGroup;
			children = (
				A48125EE2B54DBBB00679A9E /* AppDelegate.swift */,
				A48125F02B54DBBB00679A9E /* SceneDelegate.swift */,
				A48125F22B54DBBB00679A9E /* PropertyVC.swift */,
				A48125F42B54DBBB00679A9E /* Main.storyboard */,
				A48125F72B54DBBC00679A9E /* Assets.xcassets */,
				A48125F92B54DBBC00679A9E /* LaunchScreen.storyboard */,
				A48125FC2B54DBBC00679A9E /* Info.plist */,
				A48126022B54DF3D00679A9E /* PropertyDetailVC.swift */,
				A48126042B54DFA100679A9E /* Property.swift */,
				A48126092B54ED5A00679A9E /* Animation.json */,
				A481260B2B54EEFA00679A9E /* PropertyCell.swift */,
			);
			path = MaheshwarRealEstateApp;
			sourceTree = "<group>";
		};
/* End PBXGroup section */

/* Begin PBXNativeTarget section */
		A48125EA2B54DBBB00679A9E /* MaheshwarRealEstateApp */ = {
			isa = PBXNativeTarget;
			buildConfigurationList = A48125FF2B54DBBC00679A9E /* Build configuration list for PBXNativeTarget "MaheshwarRealEstateApp" */;
			buildPhases = (
				A48125E72B54DBBB00679A9E /* Sources */,
				A48125E82B54DBBB00679A9E /* Frameworks */,
				A48125E92B54DBBB00679A9E /* Resources */,
			);
			buildRules = (
			);
			dependencies = (
			);
			name = MaheshwarRealEstateApp;
			packageProductDependencies = (
				A48126072B54ED2900679A9E /* Lottie */,
			);
			productName = MaheshwarRealEstateApp;
			productReference = A48125EB2B54DBBB00679A9E /* MaheshwarRealEstateApp.app */;
			productType = "com.apple.product-type.application";
		};
/* End PBXNativeTarget section */

/* Begin PBXProject section */
		A48125E32B54DBBB00679A9E /* Project object */ = {
			isa = PBXProject;
			attributes = {
				BuildIndependentTargetsInParallel = 1;
				LastSwiftUpdateCheck = 1430;
				LastUpgradeCheck = 1430;
				TargetAttributes = {
					A48125EA2B54DBBB00679A9E = {
						CreatedOnToolsVersion = 14.3.1;
					};
				};
			};
			buildConfigurationList = A48125E62B54DBBB00679A9E /* Build configuration list for PBXProject "MaheshwarRealEstateApp" */;
			compatibilityVersion = "Xcode 14.0";
			developmentRegion = en;
			hasScannedForEncodings = 0;
			knownRegions = (
				en,
				Base,
			);
			mainGroup = A48125E22B54DBBB00679A9E;
			packageReferences = (
				A48126062B54ED2900679A9E /* XCRemoteSwiftPackageReference "lottie-ios" */,
			);
			productRefGroup = A48125EC2B54DBBB00679A9E /* Products */;
			projectDirPath = "";
			projectRoot = "";
			targets = (
				A48125EA2B54DBBB00679A9E /* MaheshwarRealEstateApp */,
			);
		};
/* End PBXProject section */

/* Begin PBXResourcesBuildPhase section */
		A48125E92B54DBBB00679A9E /* Resources */ = {
			isa = PBXResourcesBuildPhase;
			buildActionMask = 2147483647;
			files = (
				A48125FB2B54DBBC00679A9E /* LaunchScreen.storyboard in Resources */,
				A48125F82B54DBBC00679A9E /* Assets.xcassets in Resources */,
				A48125F62B54DBBB00679A9E /* Main.storyboard in Resources */,
				A481260A2B54ED5A00679A9E /* Animation.json in Resources */,
			);
			runOnlyForDeploymentPostprocessing = 0;
		};
/* End PBXResourcesBuildPhase section */

/* Begin PBXSourcesBuildPhase section */
		A48125E72B54DBBB00679A9E /* Sources */ = {
			isa = PBXSourcesBuildPhase;
			buildActionMask = 2147483647;
			files = (
				A48126052B54DFA100679A9E /* Property.swift in Sources */,
				A48125F32B54DBBB00679A9E /* PropertyVC.swift in Sources */,
				A481260C2B54EEFA00679A9E /* PropertyCell.swift in Sources */,
				A48125EF2B54DBBB00679A9E /* AppDelegate.swift in Sources */,
				A48126032B54DF3D00679A9E /* PropertyDetailVC.swift in Sources */,
				A48125F12B54DBBB00679A9E /* SceneDelegate.swift in Sources */,
			);
			runOnlyForDeploymentPostprocessing = 0;
		};
/* End PBXSourcesBuildPhase section */

/* Begin PBXVariantGroup section */
		A48125F42B54DBBB00679A9E /* Main.storyboard */ = {
			isa = PBXVariantGroup;
			children = (
				A48125F52B54DBBB00679A9E /* Base */,
			);
			name = Main.storyboard;
			sourceTree = "<group>";
		};
		A48125F92B54DBBC00679A9E /* LaunchScreen.storyboard */ = {
			isa = PBXVariantGroup;
			children = (
				A48125FA2B54DBBC00679A9E /* Base */,
			);
			name = LaunchScreen.storyboard;
			sourceTree = "<group>";
		};
/* End PBXVariantGroup section */

/* Begin XCBuildConfiguration section */
		A48125FD2B54DBBC00679A9E /* Debug */ = {
			isa = XCBuildConfiguration;
			buildSettings = {
				ALWAYS_SEARCH_USER_PATHS = NO;
				CLANG_ANALYZER_NONNULL = YES;
				CLANG_ANALYZER_NUMBER_OBJECT_CONVERSION = YES_AGGRESSIVE;
				CLANG_CXX_LANGUAGE_STANDARD = "gnu++20";
				CLANG_ENABLE_MODULES = YES;
				CLANG_ENABLE_OBJC_ARC = YES;
				CLANG_ENABLE_OBJC_WEAK = YES;
				CLANG_WARN_BLOCK_CAPTURE_AUTORELEASING = YES;
				CLANG_WARN_BOOL_CONVERSION = YES;
				CLANG_WARN_COMMA = YES;
				CLANG_WARN_CONSTANT_CONVERSION = YES;
				CLANG_WARN_DEPRECATED_OBJC_IMPLEMENTATIONS = YES;
				CLANG_WARN_DIRECT_OBJC_ISA_USAGE = YES_ERROR;
				CLANG_WARN_DOCUMENTATION_COMMENTS = YES;
				CLANG_WARN_EMPTY_BODY = YES;
				CLANG_WARN_ENUM_CONVERSION = YES;
				CLANG_WARN_INFINITE_RECURSION = YES;
				CLANG_WARN_INT_CONVERSION = YES;
				CLANG_WARN_NON_LITERAL_NULL_CONVERSION = YES;
				CLANG_WARN_OBJC_IMPLICIT_RETAIN_SELF = YES;
				CLANG_WARN_OBJC_LITERAL_CONVERSION = YES;
				CLANG_WARN_OBJC_ROOT_CLASS = YES_ERROR;
				CLANG_WARN_QUOTED_INCLUDE_IN_FRAMEWORK_HEADER = YES;
				CLANG_WARN_RANGE_LOOP_ANALYSIS = YES;
				CLANG_WARN_STRICT_PROTOTYPES = YES;
				CLANG_WARN_SUSPICIOUS_MOVE = YES;
				CLANG_WARN_UNGUARDED_AVAILABILITY = YES_AGGRESSIVE;
				CLANG_WARN_UNREACHABLE_CODE = YES;
				CLANG_WARN__DUPLICATE_METHOD_MATCH = YES;
				COPY_PHASE_STRIP = NO;
				DEBUG_INFORMATION_FORMAT = dwarf;
				ENABLE_STRICT_OBJC_MSGSEND = YES;
				ENABLE_TESTABILITY = YES;
				GCC_C_LANGUAGE_STANDARD = gnu11;
				GCC_DYNAMIC_NO_PIC = NO;
				GCC_NO_COMMON_BLOCKS = YES;
				GCC_OPTIMIZATION_LEVEL = 0;
				GCC_PREPROCESSOR_DEFINITIONS = (
					"DEBUG=1",
					"$(inherited)",
				);
				GCC_WARN_64_TO_32_BIT_CONVERSION = YES;
				GCC_WARN_ABOUT_RETURN_TYPE = YES_ERROR;
				GCC_WARN_UNDECLARED_SELECTOR = YES;
				GCC_WARN_UNINITIALIZED_AUTOS = YES_AGGRESSIVE;
				GCC_WARN_UNUSED_FUNCTION = YES;
				GCC_WARN_UNUSED_VARIABLE = YES;
				IPHONEOS_DEPLOYMENT_TARGET = 16.4;
				MTL_ENABLE_DEBUG_INFO = INCLUDE_SOURCE;
				MTL_FAST_MATH = YES;
				ONLY_ACTIVE_ARCH = YES;
				SDKROOT = iphoneos;
				SWIFT_ACTIVE_COMPILATION_CONDITIONS = DEBUG;
				SWIFT_OPTIMIZATION_LEVEL = "-Onone";
			};
			name = Debug;
		};
		A48125FE2B54DBBC00679A9E /* Release */ = {
			isa = XCBuildConfiguration;
			buildSettings = {
				ALWAYS_SEARCH_USER_PATHS = NO;
				CLANG_ANALYZER_NONNULL = YES;
				CLANG_ANALYZER_NUMBER_OBJECT_CONVERSION = YES_AGGRESSIVE;
				CLANG_CXX_LANGUAGE_STANDARD = "gnu++20";
				CLANG_ENABLE_MODULES = YES;
				CLANG_ENABLE_OBJC_ARC = YES;
				CLANG_ENABLE_OBJC_WEAK = YES;
				CLANG_WARN_BLOCK_CAPTURE_AUTORELEASING = YES;
				CLANG_WARN_BOOL_CONVERSION = YES;
				CLANG_WARN_COMMA = YES;
				CLANG_WARN_CONSTANT_CONVERSION = YES;
				CLANG_WARN_DEPRECATED_OBJC_IMPLEMENTATIONS = YES;
				CLANG_WARN_DIRECT_OBJC_ISA_USAGE = YES_ERROR;
				CLANG_WARN_DOCUMENTATION_COMMENTS = YES;
				CLANG_WARN_EMPTY_BODY = YES;
				CLANG_WARN_ENUM_CONVERSION = YES;
				CLANG_WARN_INFINITE_RECURSION = YES;
				CLANG_WARN_INT_CONVERSION = YES;
				CLANG_WARN_NON_LITERAL_NULL_CONVERSION = YES;
				CLANG_WARN_OBJC_IMPLICIT_RETAIN_SELF = YES;
				CLANG_WARN_OBJC_LITERAL_CONVERSION = YES;
				CLANG_WARN_OBJC_ROOT_CLASS = YES_ERROR;
				CLANG_WARN_QUOTED_INCLUDE_IN_FRAMEWORK_HEADER = YES;
				CLANG_WARN_RANGE_LOOP_ANALYSIS = YES;
				CLANG_WARN_STRICT_PROTOTYPES = YES;
				CLANG_WARN_SUSPICIOUS_MOVE = YES;
				CLANG_WARN_UNGUARDED_AVAILABILITY = YES_AGGRESSIVE;
				CLANG_WARN_UNREACHABLE_CODE = YES;
				CLANG_WARN__DUPLICATE_METHOD_MATCH = YES;
				COPY_PHASE_STRIP = NO;
				DEBUG_INFORMATION_FORMAT = "dwarf-with-dsym";
				ENABLE_NS_ASSERTIONS = NO;
				ENABLE_STRICT_OBJC_MSGSEND = YES;
				GCC_C_LANGUAGE_STANDARD = gnu11;
				GCC_NO_COMMON_BLOCKS = YES;
				GCC_WARN_64_TO_32_BIT_CONVERSION = YES;
				GCC_WARN_ABOUT_RETURN_TYPE = YES_ERROR;
				GCC_WARN_UNDECLARED_SELECTOR = YES;
				GCC_WARN_UNINITIALIZED_AUTOS = YES_AGGRESSIVE;
				GCC_WARN_UNUSED_FUNCTION = YES;
				GCC_WARN_UNUSED_VARIABLE = YES;
				IPHONEOS_DEPLOYMENT_TARGET = 16.4;
				MTL_ENABLE_DEBUG_INFO = NO;
				MTL_FAST_MATH = YES;
				SDKROOT = iphoneos;
				SWIFT_COMPILATION_MODE = wholemodule;
				SWIFT_OPTIMIZATION_LEVEL = "-O";
				VALIDATE_PRODUCT = YES;
			};
			name = Release;
		};
		A48126002B54DBBC00679A9E /* Debug */ = {
			isa = XCBuildConfiguration;
			buildSettings = {
				ASSETCATALOG_COMPILER_APPICON_NAME = AppIcon;
				ASSETCATALOG_COMPILER_GLOBAL_ACCENT_COLOR_NAME = AccentColor;
				CODE_SIGN_STYLE = Automatic;
				CURRENT_PROJECT_VERSION = 1;
				GENERATE_INFOPLIST_FILE = YES;
				INFOPLIST_FILE = MaheshwarRealEstateApp/Info.plist;
				INFOPLIST_KEY_UIApplicationSupportsIndirectInputEvents = YES;
				INFOPLIST_KEY_UILaunchStoryboardName = LaunchScreen;
				INFOPLIST_KEY_UIMainStoryboardFile = Main;
				INFOPLIST_KEY_UISupportedInterfaceOrientations_iPad = "UIInterfaceOrientationPortrait UIInterfaceOrientationPortraitUpsideDown UIInterfaceOrientationLandscapeLeft UIInterfaceOrientationLandscapeRight";
				INFOPLIST_KEY_UISupportedInterfaceOrientations_iPhone = "UIInterfaceOrientationPortrait UIInterfaceOrientationLandscapeLeft UIInterfaceOrientationLandscapeRight";
				LD_RUNPATH_SEARCH_PATHS = (
					"$(inherited)",
					"@executable_path/Frameworks",
				);
				MARKETING_VERSION = 1.0;
				PRODUCT_BUNDLE_IDENTIFIER = edu.northwest.Spring24.cs44653.MaheshwarRealEstateApp;
				PRODUCT_NAME = "$(TARGET_NAME)";
				SWIFT_EMIT_LOC_STRINGS = YES;
				SWIFT_VERSION = 5.0;
				TARGETED_DEVICE_FAMILY = "1,2";
			};
			name = Debug;
		};
		A48126012B54DBBC00679A9E /* Release */ = {
			isa = XCBuildConfiguration;
			buildSettings = {
				ASSETCATALOG_COMPILER_APPICON_NAME = AppIcon;
				ASSETCATALOG_COMPILER_GLOBAL_ACCENT_COLOR_NAME = AccentColor;
				CODE_SIGN_STYLE = Automatic;
				CURRENT_PROJECT_VERSION = 1;
				GENERATE_INFOPLIST_FILE = YES;
				INFOPLIST_FILE = MaheshwarRealEstateApp/Info.plist;
				INFOPLIST_KEY_UIApplicationSupportsIndirectInputEvents = YES;
				INFOPLIST_KEY_UILaunchStoryboardName = LaunchScreen;
				INFOPLIST_KEY_UIMainStoryboardFile = Main;
				INFOPLIST_KEY_UISupportedInterfaceOrientations_iPad = "UIInterfaceOrientationPortrait UIInterfaceOrientationPortraitUpsideDown UIInterfaceOrientationLandscapeLeft UIInterfaceOrientationLandscapeRight";
				INFOPLIST_KEY_UISupportedInterfaceOrientations_iPhone = "UIInterfaceOrientationPortrait UIInterfaceOrientationLandscapeLeft UIInterfaceOrientationLandscapeRight";
				LD_RUNPATH_SEARCH_PATHS = (
					"$(inherited)",
					"@executable_path/Frameworks",
				);
				MARKETING_VERSION = 1.0;
				PRODUCT_BUNDLE_IDENTIFIER = edu.northwest.Spring24.cs44653.MaheshwarRealEstateApp;
				PRODUCT_NAME = "$(TARGET_NAME)";
				SWIFT_EMIT_LOC_STRINGS = YES;
				SWIFT_VERSION = 5.0;
				TARGETED_DEVICE_FAMILY = "1,2";
			};
			name = Release;
		};
/* End XCBuildConfiguration section */

/* Begin XCConfigurationList section */
		A48125E62B54DBBB00679A9E /* Build configuration list for PBXProject "MaheshwarRealEstateApp" */ = {
			isa = XCConfigurationList;
			buildConfigurations = (
				A48125FD2B54DBBC00679A9E /* Debug */,
				A48125FE2B54DBBC00679A9E /* Release */,
			);
			defaultConfigurationIsVisible = 0;
			defaultConfigurationName = Release;
		};
		A48125FF2B54DBBC00679A9E /* Build configuration list for PBXNativeTarget "MaheshwarRealEstateApp" */ = {
			isa = XCConfigurationList;
			buildConfigurations = (
				A48126002B54DBBC00679A9E /* Debug */,
				A48126012B54DBBC00679A9E /* Release */,
			);
			defaultConfigurationIsVisible = 0;
			defaultConfigurationName = Release;
		};
/* End XCConfigurationList section */

/* Begin XCRemoteSwiftPackageReference section */
		A48126062B54ED2900679A9E /* XCRemoteSwiftPackageReference "lottie-ios" */ = {
			isa = XCRemoteSwiftPackageReference;
			repositoryURL = "https://github.com/airbnb/lottie-ios.git";
			requirement = {
				kind = upToNextMajorVersion;
				minimumVersion = 4.0.0;
			};
		};
/* End XCRemoteSwiftPackageReference section */

/* Begin XCSwiftPackageProductDependency section */
		A48126072B54ED2900679A9E /* Lottie */ = {
			isa = XCSwiftPackageProductDependency;
			package = A48126062B54ED2900679A9E /* XCRemoteSwiftPackageReference "lottie-ios" */;
			productName = Lottie;
		};
/* End XCSwiftPackageProductDependency section */
	};
	rootObject = A48125E32B54DBBB00679A9E /* Project object */;
}
